# This file is autogenerated, do not edit; changes may be undone by the next 'dep ensure'.


[[projects]]
  digest = "1:e2ea4e5f3a9dd41db55135685d260d02d46f640c240c8910cc1be958f646e913"
  name = "github.com/buildkite/terminal"
  packages = ["."]
  pruneopts = "NUT"
  revision = "05a77905c468b9150cac41298fdb8a0735024d42"
  version = "v3.1.0"

[[projects]]
  branch = "master"
  digest = "1:84622ce7bfd77ffc10afbc3b6c6b1fd3cc8d42b37ddbe6bd9b62b2411462190f"
  name = "github.com/genuinetools/pkg"
  packages = ["cli"]
  pruneopts = "NUT"
  revision = "54e648406b2d697f34beb065648394289221ede6"

[[projects]]
  digest = "1:6989062eb7ccf25cf38bf4fe3dba097ee209f896cda42cefdca3927047bef7b6"
  name = "github.com/sirupsen/logrus"
  packages = ["."]
  pruneopts = "NUT"
  revision = "c155da19408a8799da419ed3eeb0cb5db0ad5dbc"
  version = "v1.0.5"

[[projects]]
  branch = "master"
  digest = "1:8b7ebf4dccd5fdad5e59de1f00045a35ff7a3e7f0ef9fd8e59ba0f0c389dfd1a"
  name = "github.com/sourcegraph/annotate"
  packages = ["."]
  pruneopts = "NUT"
  revision = "f4cad6c6324d3f584e1743d8b3e0e017a5f3a636"

[[projects]]
  branch = "master"
  digest = "1:71cbd1bebcbe8b215d26b85b5e3977ca4a022962d99866a24a987a866bf3e7ed"
  name = "github.com/sourcegraph/syntaxhighlight"
  packages = ["."]
  pruneopts = "NUT"
  revision = "bd320f5d308e1a3c4314c678d8227a0d72574ae7"

[[projects]]
  branch = "master"
  digest = "1:3f3a05ae0b95893d90b9b3b5afdb79a9b3d96e4e36e099d841ae602e4aca0da8"
  name = "golang.org/x/crypto"
  packages = ["ssh/terminal"]
  pruneopts = "NUT"
  revision = "a49355c7e3f8fe157a85be2f77e6e269a0f89602"

[[projects]]
  branch = "master"
  digest = "1:64107e3c8f52f341891a565d117bf263ed396fe0c16bad19634b25be25debfaa"
  name = "golang.org/x/sys"
  packages = [
    "unix",
    "windows",
  ]
  pruneopts = "NUT"
  revision = "ac767d655b305d4e9612f5f6e33120b9176c4ad4"

[solve-meta]
  analyzer-name = "dep"
  analyzer-version = 1
  input-imports = [
    "github.com/buildkite/terminal",
    "github.com/genuinetools/pkg/cli",
    "github.com/sirupsen/logrus",
    "github.com/sourcegraph/syntaxhighlight",
  ]
  solver-name = "gps-cdcl"
  solver-version = 1
